
Microsoft Visual Studio Solution File, Format Version 12.00
# Visual Studio Version 17
VisualStudioVersion = 17.2.32526.322
MinimumVisualStudioVersion = 10.0.40219.1
Project("{FAE04EC0-301F-11D3-BF4B-00C04F79EFBC}") = "Walk on the Axis_Your Name is Mine", "Walk on the Axis_Your Name is Mine\Walk on the Axis_Your Name is Mine.csproj", "{02AA9CBA-5891-49EC-9B5D-33CFDD551400}"
EndProject
Global
	GlobalSection(SolutionConfigurationPlatforms) = preSolution
		Debug|Any CPU = Debug|Any CPU
		Release|Any CPU = Release|Any CPU
	EndGlobalSection
	GlobalSection(ProjectConfigurationPlatforms) = postSolution
		{02AA9CBA-5891-49EC-9B5D-33CFDD551400}.Debug|Any CPU.ActiveCfg = Debug|Any CPU
		{02AA9CBA-5891-49EC-9B5D-33CFDD551400}.Debug|Any CPU.Build.0 = Debug|Any CPU
		{02AA9CBA-5891-49EC-9B5D-33CFDD551400}.Release|Any CPU.ActiveCfg = Release|Any CPU
		{02AA9CBA-5891-49EC-9B5D-33CFDD551400}.Release|Any CPU.Build.0 = Release|Any CPU
	EndGlobalSection
	GlobalSection(SolutionProperties) = preSolution
		HideSolutionNode = FALSE
	EndGlobalSection
	GlobalSection(ExtensibilityGlobals) = postSolution
		SolutionGuid = {1FF8AA03-F40A-4A2D-9DE6-90913F95120F}
	EndGlobalSection
EndGlobal
