
Microsoft Visual Studio Solution File, Format Version 12.00
# Visual Studio Version 17
VisualStudioVersion = 17.2.32526.322
MinimumVisualStudioVersion = 10.0.40219.1
Project("{FAE04EC0-301F-11D3-BF4B-00C04F79EFBC}") = "Coding27", "Coding27\Coding27.csproj", "{A876FE00-202B-4586-8717-0E39A112A9D3}"
EndProject
Global
	GlobalSection(SolutionConfigurationPlatforms) = preSolution
		Debug|Any CPU = Debug|Any CPU
		Release|Any CPU = Release|Any CPU
	EndGlobalSection
	GlobalSection(ProjectConfigurationPlatforms) = postSolution
		{A876FE00-202B-4586-8717-0E39A112A9D3}.Debug|Any CPU.ActiveCfg = Debug|Any CPU
		{A876FE00-202B-4586-8717-0E39A112A9D3}.Debug|Any CPU.Build.0 = Debug|Any CPU
		{A876FE00-202B-4586-8717-0E39A112A9D3}.Release|Any CPU.ActiveCfg = Release|Any CPU
		{A876FE00-202B-4586-8717-0E39A112A9D3}.Release|Any CPU.Build.0 = Release|Any CPU
	EndGlobalSection
	GlobalSection(SolutionProperties) = preSolution
		HideSolutionNode = FALSE
	EndGlobalSection
	GlobalSection(ExtensibilityGlobals) = postSolution
		SolutionGuid = {CB58F96C-4D04-475A-9B91-2D9C04DC613F}
	EndGlobalSection
EndGlobal
